# THIS IS AN AUTOGENERATED FILE. DO NOT EDIT THIS FILE DIRECTLY.
# yarn lockfile v1


"@babel/helper-annotate-as-pure@^7.10.4", "@babel/helper-annotate-as-pure@^7.12.13":
  version "7.12.13"
  resolved "https://registry.yarnpkg.com/@babel/helper-annotate-as-pure/-/helper-annotate-as-pure-7.12.13.tgz#0f58e86dfc4bb3b1fcd7db806570e177d439b6ab"
  integrity sha512-7YXfX5wQ5aYM/BOlbSccHDbuXXFPxeoUmfWtz8le2yTkTZc+BxsiEnENFoi2SlmA8ewDkG2LgIMIVzzn2h8kfw==
  dependencies:
    "@babel/types" "^7.12.13"

"@babel/helper-module-imports@^7.12.13":
  version "7.12.13"
  resolved "https://registry.yarnpkg.com/@babel/helper-module-imports/-/helper-module-imports-7.12.13.tgz#ec67e4404f41750463e455cc3203f6a32e93fcb0"
  integrity sha512-NGmfvRp9Rqxy0uHSSVP+SRIW1q31a7Ji10cLBcqSDUngGentY4FRiHOFZFE1CLU5eiL0oE8reH7Tg1y99TDM/g==
  dependencies:
    "@babel/types" "^7.12.13"

"@babel/helper-plugin-utils@^7.10.4", "@babel/helper-plugin-utils@^7.12.13":
  version "7.13.0"
  resolved "https://registry.yarnpkg.com/@babel/helper-plugin-utils/-/helper-plugin-utils-7.13.0.tgz#806526ce125aed03373bc416a828321e3a6a33af"
  integrity sha512-ZPafIPSwzUlAoWT8DKs1W2VyF2gOWthGd5NGFMsBcMMol+ZhK+EQY/e6V96poa6PA/Bh+C9plWN0hXO1uB8AfQ==

"@babel/helper-validator-identifier@^7.12.11":
  version "7.12.11"
  resolved "https://registry.yarnpkg.com/@babel/helper-validator-identifier/-/helper-validator-identifier-7.12.11.tgz#c9a1f021917dcb5ccf0d4e453e399022981fc9ed"
  integrity sha512-np/lG3uARFybkoHokJUmf1QfEvRVCPbmQeUQpKow5cQ3xWrV9i3rUHodKDJPQfTVX61qKi+UdYk8kik84n7XOw==

"@babel/plugin-syntax-jsx@^7.12.13":
  version "7.12.13"
  resolved "https://registry.yarnpkg.com/@babel/plugin-syntax-jsx/-/plugin-syntax-jsx-7.12.13.tgz#044fb81ebad6698fe62c478875575bcbb9b70f15"
  integrity sha512-d4HM23Q1K7oq/SLNmG6mRt85l2csmQ0cHRaxRXjKW0YFdEXqlZ5kzFQKH5Uc3rDJECgu+yCRgPkG04Mm98R/1g==
  dependencies:
    "@babel/helper-plugin-utils" "^7.12.13"

"@babel/plugin-transform-react-display-name@^7.12.13":
  version "7.12.13"
  resolved "https://registry.yarnpkg.com/@babel/plugin-transform-react-display-name/-/plugin-transform-react-display-name-7.12.13.tgz#c28effd771b276f4647411c9733dbb2d2da954bd"
  integrity sha512-MprESJzI9O5VnJZrL7gg1MpdqmiFcUv41Jc7SahxYsNP2kDkFqClxxTZq+1Qv4AFCamm+GXMRDQINNn+qrxmiA==
  dependencies:
    "@babel/helper-plugin-utils" "^7.12.13"

"@babel/plugin-transform-react-jsx-development@^7.12.12":
  version "7.12.17"
  resolved "https://registry.yarnpkg.com/@babel/plugin-transform-react-jsx-development/-/plugin-transform-react-jsx-development-7.12.17.tgz#f510c0fa7cd7234153539f9a362ced41a5ca1447"
  integrity sha512-BPjYV86SVuOaudFhsJR1zjgxxOhJDt6JHNoD48DxWEIxUCAMjV1ys6DYw4SDYZh0b1QsS2vfIA9t/ZsQGsDOUQ==
  dependencies:
    "@babel/plugin-transform-react-jsx" "^7.12.17"

"@babel/plugin-transform-react-jsx@^7.12.13", "@babel/plugin-transform-react-jsx@^7.12.17":
  version "7.12.17"
  resolved "https://registry.yarnpkg.com/@babel/plugin-transform-react-jsx/-/plugin-transform-react-jsx-7.12.17.tgz#dd2c1299f5e26de584939892de3cfc1807a38f24"
  integrity sha512-mwaVNcXV+l6qJOuRhpdTEj8sT/Z0owAVWf9QujTZ0d2ye9X/K+MTOTSizcgKOj18PGnTc/7g1I4+cIUjsKhBcw==
  dependencies:
    "@babel/helper-annotate-as-pure" "^7.12.13"
    "@babel/helper-module-imports" "^7.12.13"
    "@babel/helper-plugin-utils" "^7.12.13"
    "@babel/plugin-syntax-jsx" "^7.12.13"
    "@babel/types" "^7.12.17"

"@babel/plugin-transform-react-pure-annotations@^7.12.1":
  version "7.12.1"
  resolved "https://registry.yarnpkg.com/@babel/plugin-transform-react-pure-annotations/-/plugin-transform-react-pure-annotations-7.12.1.tgz#05d46f0ab4d1339ac59adf20a1462c91b37a1a42"
  integrity sha512-RqeaHiwZtphSIUZ5I85PEH19LOSzxfuEazoY7/pWASCAIBuATQzpSVD+eT6MebeeZT2F4eSL0u4vw6n4Nm0Mjg==
  dependencies:
    "@babel/helper-annotate-as-pure" "^7.10.4"
    "@babel/helper-plugin-utils" "^7.10.4"

"@babel/preset-react@^7.12.13":
  version "7.12.13"
  resolved "https://registry.yarnpkg.com/@babel/preset-react/-/preset-react-7.12.13.tgz#5f911b2eb24277fa686820d5bd81cad9a0602a0a"
  integrity sha512-TYM0V9z6Abb6dj1K7i5NrEhA13oS5ujUYQYDfqIBXYHOc2c2VkFgc+q9kyssIyUfy4/hEwqrgSlJ/Qgv8zJLsA==
  dependencies:
    "@babel/helper-plugin-utils" "^7.12.13"
    "@babel/plugin-transform-react-display-name" "^7.12.13"
    "@babel/plugin-transform-react-jsx" "^7.12.13"
    "@babel/plugin-transform-react-jsx-development" "^7.12.12"
    "@babel/plugin-transform-react-pure-annotations" "^7.12.1"

"@babel/types@^7.12.13", "@babel/types@^7.12.17":
  version "7.13.0"
  resolved "https://registry.yarnpkg.com/@babel/types/-/types-7.13.0.tgz#74424d2816f0171b4100f0ab34e9a374efdf7f80"
  integrity sha512-hE+HE8rnG1Z6Wzo+MhaKE5lM5eMx71T4EHJgku2E3xIfaULhDcxiiRxUYgwX8qwP1BBSlag+TdGOt6JAidIZTA==
  dependencies:
    "@babel/helper-validator-identifier" "^7.12.11"
    lodash "^4.17.19"
    to-fast-properties "^2.0.0"

"js-tokens@^3.0.0 || ^4.0.0":
  version "4.0.0"
  resolved "https://registry.yarnpkg.com/js-tokens/-/js-tokens-4.0.0.tgz#19203fb59991df98e3a287050d4647cdeaf32499"
  integrity sha512-RdJUflcE3cUzKiMqQgsCu06FPu9UdIJO0beYbPhHN4k6apgJtifcoCtT9bcxOpYBtpD2kCM6Sbzg4CausW/PKQ==

lodash@^4.17.19:
  version "4.17.21"
  resolved "https://registry.yarnpkg.com/lodash/-/lodash-4.17.21.tgz#679591c564c3bffaae8454cf0b3df370c3d6911c"
  integrity sha512-v2kDEe57lecTulaDIuNTPy3Ry4gLGJ6Z1O3vE1krgXZNrsQ+LFTGHVxVjcXPs17LhbZVGedAJv8XZ1tvj5FvSg==

loose-envify@^1.1.0:
  version "1.4.0"
  resolved "https://registry.yarnpkg.com/loose-envify/-/loose-envify-1.4.0.tgz#71ee51fa7be4caec1a63839f7e682d8132d30caf"
  integrity sha512-lyuxPGr/Wfhrlem2CL/UcnUc1zcqKAImBDzukY7Y5F/yQiNdko6+fRLevlw1HgMySw7f611UIY408EtxRSoK3Q==
  dependencies:
    js-tokens "^3.0.0 || ^4.0.0"

object-assign@^4.1.1:
  version "4.1.1"
  resolved "https://registry.yarnpkg.com/object-assign/-/object-assign-4.1.1.tgz#2109adc7965887cfc05cbbd442cac8bfbb360863"
  integrity sha1-IQmtx5ZYh8/AXLvUQsrIv7s2CGM=

react-dom@^17.0.1:
  version "17.0.1"
  resolved "https://registry.yarnpkg.com/react-dom/-/react-dom-17.0.1.tgz#1de2560474ec9f0e334285662ede52dbc5426fc6"
  integrity sha512-6eV150oJZ9U2t9svnsspTMrWNyHc6chX0KzDeAOXftRa8bNeOKTTfCJ7KorIwenkHd2xqVTBTCZd79yk/lx/Ug==
  dependencies:
    loose-envify "^1.1.0"
    object-assign "^4.1.1"
    scheduler "^0.20.1"

react@^17.0.1:
  version "17.0.1"
  resolved "https://registry.yarnpkg.com/react/-/react-17.0.1.tgz#6e0600416bd57574e3f86d92edba3d9008726127"
  integrity sha512-lG9c9UuMHdcAexXtigOZLX8exLWkW0Ku29qPRU8uhF2R9BN96dLCt0psvzPLlHc5OWkgymP3qwTRgbnw5BKx3w==
  dependencies:
    loose-envify "^1.1.0"
    object-assign "^4.1.1"

scheduler@^0.20.1:
  version "0.20.1"
  resolved "https://registry.yarnpkg.com/scheduler/-/scheduler-0.20.1.tgz#da0b907e24026b01181ecbc75efdc7f27b5a000c"
  integrity sha512-LKTe+2xNJBNxu/QhHvDR14wUXHRQbVY5ZOYpOGWRzhydZUqrLb2JBvLPY7cAqFmqrWuDED0Mjk7013SZiOz6Bw==
  dependencies:
    loose-envify "^1.1.0"
    object-assign "^4.1.1"

to-fast-properties@^2.0.0:
  version "2.0.0"
  resolved "https://registry.yarnpkg.com/to-fast-properties/-/to-fast-properties-2.0.0.tgz#dc5e698cbd079265bc73e0377681a4e4e83f616e"
  integrity sha1-3F5pjL0HkmW8c+A3doGk5Og/YW4=
